
Microsoft Visual Studio Solution File, Format Version 12.00
# Visual Studio Version 17
VisualStudioVersion = 17.5.33627.172
MinimumVisualStudioVersion = 10.0.40219.1
Project("{FAE04EC0-301F-11D3-BF4B-00C04F79EFBC}") = "eTickets", "eTickets\eTickets.csproj", "{1F2D9A33-546C-4CBB-8523-C2CF325F08A3}"
EndProject
Global
	GlobalSection(SolutionConfigurationPlatforms) = preSolution
		Debug|Any CPU = Debug|Any CPU
		Release|Any CPU = Release|Any CPU
	EndGlobalSection
	GlobalSection(ProjectConfigurationPlatforms) = postSolution
		{1F2D9A33-546C-4CBB-8523-C2CF325F08A3}.Debug|Any CPU.ActiveCfg = Debug|Any CPU
		{1F2D9A33-546C-4CBB-8523-C2CF325F08A3}.Debug|Any CPU.Build.0 = Debug|Any CPU
		{1F2D9A33-546C-4CBB-8523-C2CF325F08A3}.Release|Any CPU.ActiveCfg = Release|Any CPU
		{1F2D9A33-546C-4CBB-8523-C2CF325F08A3}.Release|Any CPU.Build.0 = Release|Any CPU
	EndGlobalSection
	GlobalSection(SolutionProperties) = preSolution
		HideSolutionNode = FALSE
	EndGlobalSection
	GlobalSection(ExtensibilityGlobals) = postSolution
		SolutionGuid = {85838BA6-2387-45E1-BAB4-012CF441645E}
	EndGlobalSection
EndGlobal
